
Microsoft Visual Studio Solution File, Format Version 12.00
# Visual Studio Version 17
VisualStudioVersion = 17.1.32414.318
MinimumVisualStudioVersion = 10.0.40219.1
Project("{8BC9CEB8-8B4A-11D0-8D11-00A0C91BC942}") = "[Proiect] [1051] [Corodescu_Serban_Florin]_Clase_Scoala", "[Proiect] [1051] [Corodescu_Serban_Florin]_Clase_Scoala\[Proiect] [1051] [Corodescu_Serban_Florin]_Clase_Scoala.vcxproj", "{6B0FF72D-177C-4EEE-9B2C-FD826475B4F5}"
EndProject
Global
	GlobalSection(SolutionConfigurationPlatforms) = preSolution
		Debug|x64 = Debug|x64
		Debug|x86 = Debug|x86
		Release|x64 = Release|x64
		Release|x86 = Release|x86
	EndGlobalSection
	GlobalSection(ProjectConfigurationPlatforms) = postSolution
		{6B0FF72D-177C-4EEE-9B2C-FD826475B4F5}.Debug|x64.ActiveCfg = Debug|x64
		{6B0FF72D-177C-4EEE-9B2C-FD826475B4F5}.Debug|x64.Build.0 = Debug|x64
		{6B0FF72D-177C-4EEE-9B2C-FD826475B4F5}.Debug|x86.ActiveCfg = Debug|Win32
		{6B0FF72D-177C-4EEE-9B2C-FD826475B4F5}.Debug|x86.Build.0 = Debug|Win32
		{6B0FF72D-177C-4EEE-9B2C-FD826475B4F5}.Release|x64.ActiveCfg = Release|x64
		{6B0FF72D-177C-4EEE-9B2C-FD826475B4F5}.Release|x64.Build.0 = Release|x64
		{6B0FF72D-177C-4EEE-9B2C-FD826475B4F5}.Release|x86.ActiveCfg = Release|Win32
		{6B0FF72D-177C-4EEE-9B2C-FD826475B4F5}.Release|x86.Build.0 = Release|Win32
	EndGlobalSection
	GlobalSection(SolutionProperties) = preSolution
		HideSolutionNode = FALSE
	EndGlobalSection
	GlobalSection(ExtensibilityGlobals) = postSolution
		SolutionGuid = {94A468A2-195B-48FE-B052-DAA267854D7A}
	EndGlobalSection
EndGlobal
